<?xml version="1.0" encoding="utf-8"?>
<Project ToolsVersion="4.0" xmlns="http://schemas.microsoft.com/developer/msbuild/2003">
  <ItemGroup>
    <Filter Include="Source Files">
      <UniqueIdentifier>{4FC737F1-C7A5-4376-A066-2A32D752A2FF}</UniqueIdentifier>
      <Extensions>cpp;c;cc;cxx;c++;cppm;ixx;def;odl;idl;hpj;bat;asm;asmx</Extensions>
    </Filter>
    <Filter Include="Header Files">
      <UniqueIdentifier>{93995380-89BD-4b04-88EB-625FBE52EBFB}</UniqueIdentifier>
      <Extensions>h;hh;hpp;hxx;h++;hm;inl;inc;ipp;xsd</Extensions>
    </Filter>
    <Filter Include="Resource Files">
      <UniqueIdentifier>{67DA6AB6-F800-4c08-8B7A-83BB121AAD01}</UniqueIdentifier>
      <Extensions>rc;ico;cur;bmp;dlg;rc2;rct;bin;rgs;gif;jpg;jpeg;jpe;resx;tiff;tif;png;wav;mfcribbon-ms</Extensions>
    </Filter>
    <Filter Include="Header Files\NTFS">
      <UniqueIdentifier>{13500168-8ca2-4af7-afc7-9a77dd2ab0c7}</UniqueIdentifier>
    </Filter>
    <Filter Include="Header Files\FAT32">
      <UniqueIdentifier>{06b258b3-32e4-4c19-9c26-1f15006817f4}</UniqueIdentifier>
    </Filter>
  </ItemGroup>
  <ItemGroup>
    <ClCompile Include="FILE_SYSTEM.cpp">
      <Filter>Source Files</Filter>
    </ClCompile>
  </ItemGroup>
  <ItemGroup>
    <ClInclude Include="Abstract_File.h">
      <Filter>Header Files\FAT32</Filter>
    </ClInclude>
    <ClInclude Include="FAT_32.h">
      <Filter>Header Files\FAT32</Filter>
    </ClInclude>
    <ClInclude Include="File.h">
      <Filter>Header Files\FAT32</Filter>
    </ClInclude>
    <ClInclude Include="Folder.h">
      <Filter>Header Files\FAT32</Filter>
    </ClInclude>
    <ClInclude Include="..\NTFS_FS\NTFS.h">
      <Filter>Header Files\NTFS</Filter>
    </ClInclude>
  </ItemGroup>
</Project>